
Microsoft Visual Studio Solution File, Format Version 12.00
Project("{FAE04EC0-301F-11D3-BF4B-00C04F79EFBC}") = "NumberPyramid", "NumberPyramid\NumberPyramid.csproj", "{1743806D-0D0A-4651-BF3B-9F68986BC52B}"
EndProject
Global
	GlobalSection(SolutionConfigurationPlatforms) = preSolution
		Debug|Any CPU = Debug|Any CPU
		Release|Any CPU = Release|Any CPU
	EndGlobalSection
	GlobalSection(ProjectConfigurationPlatforms) = postSolution
		{1743806D-0D0A-4651-BF3B-9F68986BC52B}.Debug|Any CPU.ActiveCfg = Debug|Any CPU
		{1743806D-0D0A-4651-BF3B-9F68986BC52B}.Debug|Any CPU.Build.0 = Debug|Any CPU
		{1743806D-0D0A-4651-BF3B-9F68986BC52B}.Release|Any CPU.ActiveCfg = Release|Any CPU
		{1743806D-0D0A-4651-BF3B-9F68986BC52B}.Release|Any CPU.Build.0 = Release|Any CPU
	EndGlobalSection
EndGlobal
